
Microsoft Visual Studio Solution File, Format Version 12.00
# Visual Studio Version 17
VisualStudioVersion = 17.0.31903.59
MinimumVisualStudioVersion = 10.0.40219.1
Project("{FAE04EC0-301F-11D3-BF4B-00C04F79EFBC}") = "work", "src\work.csproj", "{EE4F5D23-0C2B-4EE6-8B1F-63BA39AC3260}"
EndProject
Project("{FAE04EC0-301F-11D3-BF4B-00C04F79EFBC}") = "test", "test\test.csproj", "{20C192B4-08B3-47BE-A594-0AE6B6490040}"
EndProject
Global
	GlobalSection(SolutionConfigurationPlatforms) = preSolution
		Debug|Any CPU = Debug|Any CPU
		Release|Any CPU = Release|Any CPU
	EndGlobalSection
	GlobalSection(SolutionProperties) = preSolution
		HideSolutionNode = FALSE
	EndGlobalSection
	GlobalSection(ProjectConfigurationPlatforms) = postSolution
		{EE4F5D23-0C2B-4EE6-8B1F-63BA39AC3260}.Debug|Any CPU.ActiveCfg = Debug|Any CPU
		{EE4F5D23-0C2B-4EE6-8B1F-63BA39AC3260}.Debug|Any CPU.Build.0 = Debug|Any CPU
		{EE4F5D23-0C2B-4EE6-8B1F-63BA39AC3260}.Release|Any CPU.ActiveCfg = Release|Any CPU
		{EE4F5D23-0C2B-4EE6-8B1F-63BA39AC3260}.Release|Any CPU.Build.0 = Release|Any CPU
		{20C192B4-08B3-47BE-A594-0AE6B6490040}.Debug|Any CPU.ActiveCfg = Debug|Any CPU
		{20C192B4-08B3-47BE-A594-0AE6B6490040}.Debug|Any CPU.Build.0 = Debug|Any CPU
		{20C192B4-08B3-47BE-A594-0AE6B6490040}.Release|Any CPU.ActiveCfg = Release|Any CPU
		{20C192B4-08B3-47BE-A594-0AE6B6490040}.Release|Any CPU.Build.0 = Release|Any CPU
	EndGlobalSection
EndGlobal
